
Microsoft Visual Studio Solution File, Format Version 12.00
# Visual Studio 15
Project("{FAE04EC0-301F-11D3-BF4B-00C04F79EFBC}") = "Assembly-CSharp", "Assembly-CSharp.csproj", "{D9553D9C-97AE-1EB4-5113-D2ADB71B76F6}"
EndProject
Project("{FAE04EC0-301F-11D3-BF4B-00C04F79EFBC}") = "Assembly-CSharp-Editor", "Assembly-CSharp-Editor.csproj", "{C2A25E35-6538-42B1-7D34-B5E6712913BB}"
EndProject
Global
	GlobalSection(SolutionConfigurationPlatforms) = preSolution
		Debug|Any CPU = Debug|Any CPU
		Release|Any CPU = Release|Any CPU
	EndGlobalSection
	GlobalSection(ProjectConfigurationPlatforms) = postSolution
		{D9553D9C-97AE-1EB4-5113-D2ADB71B76F6}.Debug|Any CPU.ActiveCfg = Debug|Any CPU
		{D9553D9C-97AE-1EB4-5113-D2ADB71B76F6}.Debug|Any CPU.Build.0 = Debug|Any CPU
		{D9553D9C-97AE-1EB4-5113-D2ADB71B76F6}.Release|Any CPU.ActiveCfg = Release|Any CPU
		{D9553D9C-97AE-1EB4-5113-D2ADB71B76F6}.Release|Any CPU.Build.0 = Release|Any CPU
		{C2A25E35-6538-42B1-7D34-B5E6712913BB}.Debug|Any CPU.ActiveCfg = Debug|Any CPU
		{C2A25E35-6538-42B1-7D34-B5E6712913BB}.Debug|Any CPU.Build.0 = Debug|Any CPU
		{C2A25E35-6538-42B1-7D34-B5E6712913BB}.Release|Any CPU.ActiveCfg = Release|Any CPU
		{C2A25E35-6538-42B1-7D34-B5E6712913BB}.Release|Any CPU.Build.0 = Release|Any CPU
	EndGlobalSection
	GlobalSection(SolutionProperties) = preSolution
		HideSolutionNode = FALSE
	EndGlobalSection
EndGlobal
